// !$*UTF8*$!
{
	archiveVersion = 1;
	classes = {
	};
	objectVersion = 48;
	objects = {

/* Begin PBXBuildFile section */
		5BFFE9442125B7CF0028B853 /* AppDelegate.swift in Sources */ = {isa = PBXBuildFile; fileRef = 5BFFE9432125B7CF0028B853 /* AppDelegate.swift */; };
		5BFFE9462125B7CF0028B853 /* ViewController.swift in Sources */ = {isa = PBXBuildFile; fileRef = 5BFFE9452125B7CF0028B853 /* ViewController.swift */; };
		5BFFE9492125B7CF0028B853 /* Main.storyboard in Resources */ = {isa = PBXBuildFile; fileRef = 5BFFE9472125B7CF0028B853 /* Main.storyboard */; };
		5BFFE94B2125B7CF0028B853 /* Assets.xcassets in Resources */ = {isa = PBXBuildFile; fileRef = 5BFFE94A2125B7CF0028B853 /* Assets.xcassets */; };
		5BFFE94E2125B7CF0028B853 /* LaunchScreen.storyboard in Resources */ = {isa = PBXBuildFile; fileRef = 5BFFE94C2125B7CF0028B853 /* LaunchScreen.storyboard */; };
		5BFFE9592125B7CF0028B853 /* StopWatchTests.swift in Sources */ = {isa = PBXBuildFile; fileRef = 5BFFE9582125B7CF0028B853 /* StopWatchTests.swift */; };
		5BFFE9642125B7CF0028B853 /* StopWatchUITests.swift in Sources */ = {isa = PBXBuildFile; fileRef = 5BFFE9632125B7CF0028B853 /* StopWatchUITests.swift */; };
/* End PBXBuildFile section */

/* Begin PBXContainerItemProxy section */
		5BFFE9552125B7CF0028B853 /* PBXContainerItemProxy */ = {
			isa = PBXContainerItemProxy;
			containerPortal = 5BFFE9382125B7CF0028B853 /* Project object */;
			proxyType = 1;
			remoteGlobalIDString = 5BFFE93F2125B7CF0028B853;
			remoteInfo = StopWatch;
		};
		5BFFE9602125B7CF0028B853 /* PBXContainerItemProxy */ = {
			isa = PBXContainerItemProxy;
			containerPortal = 5BFFE9382125B7CF0028B853 /* Project object */;
			proxyType = 1;
			remoteGlobalIDString = 5BFFE93F2125B7CF0028B853;
			remoteInfo = StopWatch;
		};
/* End PBXContainerItemProxy section */

/* Begin PBXFileReference section */
		5BFFE9402125B7CF0028B853 /* StopWatch.app */ = {isa = PBXFileReference; explicitFileType = wrapper.application; includeInIndex = 0; path = StopWatch.app; sourceTree = BUILT_PRODUCTS_DIR; };
		5BFFE9432125B7CF0028B853 /* AppDelegate.swift */ = {isa = PBXFileReference; lastKnownFileType = sourcecode.swift; path = AppDelegate.swift; sourceTree = "<group>"; };
		5BFFE9452125B7CF0028B853 /* ViewController.swift */ = {isa = PBXFileReference; lastKnownFileType = sourcecode.swift; path = ViewController.swift; sourceTree = "<group>"; };
		5BFFE9482125B7CF0028B853 /* Base */ = {isa = PBXFileReference; lastKnownFileType = file.storyboard; name = Base; path = Base.lproj/Main.storyboard; sourceTree = "<group>"; };
		5BFFE94A2125B7CF0028B853 /* Assets.xcassets */ = {isa = PBXFileReference; lastKnownFileType = folder.assetcatalog; path = Assets.xcassets; sourceTree = "<group>"; };
		5BFFE94D2125B7CF0028B853 /* Base */ = {isa = PBXFileReference; lastKnownFileType = file.storyboard; name = Base; path = Base.lproj/LaunchScreen.storyboard; sourceTree = "<group>"; };
		5BFFE94F2125B7CF0028B853 /* Info.plist */ = {isa = PBXFileReference; lastKnownFileType = text.plist.xml; path = Info.plist; sourceTree = "<group>"; };
		5BFFE9542125B7CF0028B853 /* StopWatchTests.xctest */ = {isa = PBXFileReference; explicitFileType = wrapper.cfbundle; includeInIndex = 0; path = StopWatchTests.xctest; sourceTree = BUILT_PRODUCTS_DIR; };
		5BFFE9582125B7CF0028B853 /* StopWatchTests.swift */ = {isa = PBXFileReference; lastKnownFileType = sourcecode.swift; path = StopWatchTests.swift; sourceTree = "<group>"; };
		5BFFE95A2125B7CF0028B853 /* Info.plist */ = {isa = PBXFileReference; lastKnownFileType = text.plist.xml; path = Info.plist; sourceTree = "<group>"; };
		5BFFE95F2125B7CF0028B853 /* StopWatchUITests.xctest */ = {isa = PBXFileReference; explicitFileType = wrapper.cfbundle; includeInIndex = 0; path = StopWatchUITests.xctest; sourceTree = BUILT_PRODUCTS_DIR; };
		5BFFE9632125B7CF0028B853 /* StopWatchUITests.swift */ = {isa = PBXFileReference; lastKnownFileType = sourcecode.swift; path = StopWatchUITests.swift; sourceTree = "<group>"; };
		5BFFE9652125B7CF0028B853 /* Info.plist */ = {isa = PBXFileReference; lastKnownFileType = text.plist.xml; path = Info.plist; sourceTree = "<group>"; };
/* End PBXFileReference section */

/* Begin PBXFrameworksBuildPhase section */
		5BFFE93D2125B7CF0028B853 /* Frameworks */ = {
			isa = PBXFrameworksBuildPhase;
			buildActionMask = 2147483647;
			files = (
			);
			runOnlyForDeploymentPostprocessing = 0;
		};
		5BFFE9512125B7CF0028B853 /* Frameworks */ = {
			isa = PBXFrameworksBuildPhase;
			buildActionMask = 2147483647;
			files = (
			);
			runOnlyForDeploymentPostprocessing = 0;
		};
		5BFFE95C2125B7CF0028B853 /* Frameworks */ = {
			isa = PBXFrameworksBuildPhase;
			buildActionMask = 2147483647;
			files = (
			);
			runOnlyForDeploymentPostprocessing = 0;
		};
/* End PBXFrameworksBuildPhase section */

/* Begin PBXGroup section */
		5BFFE9372125B7CF0028B853 = {
			isa = PBXGroup;
			children = (
				5BFFE9422125B7CF0028B853 /* StopWatch */,
				5BFFE9572125B7CF0028B853 /* StopWatchTests */,
				5BFFE9622125B7CF0028B853 /* StopWatchUITests */,
				5BFFE9412125B7CF0028B853 /* Products */,
			);
			sourceTree = "<group>";
		};
		5BFFE9412125B7CF0028B853 /* Products */ = {
			isa = PBXGroup;
			children = (
				5BFFE9402125B7CF0028B853 /* StopWatch.app */,
				5BFFE9542125B7CF0028B853 /* StopWatchTests.xctest */,
				5BFFE95F2125B7CF0028B853 /* StopWatchUITests.xctest */,
			);
			name = Products;
			sourceTree = "<group>";
		};
		5BFFE9422125B7CF0028B853 /* StopWatch */ = {
			isa = PBXGroup;
			children = (
				5BFFE9432125B7CF0028B853 /* AppDelegate.swift */,
				5BFFE9452125B7CF0028B853 /* ViewController.swift */,
				5BFFE9472125B7CF0028B853 /* Main.storyboard */,
				5BFFE94A2125B7CF0028B853 /* Assets.xcassets */,
				5BFFE94C2125B7CF0028B853 /* LaunchScreen.storyboard */,
				5BFFE94F2125B7CF0028B853 /* Info.plist */,
			);
			path = StopWatch;
			sourceTree = "<group>";
		};
		5BFFE9572125B7CF0028B853 /* StopWatchTests */ = {
			isa = PBXGroup;
			children = (
				5BFFE9582125B7CF0028B853 /* StopWatchTests.swift */,
				5BFFE95A2125B7CF0028B853 /* Info.plist */,
			);
			path = StopWatchTests;
			sourceTree = "<group>";
		};
		5BFFE9622125B7CF0028B853 /* StopWatchUITests */ = {
			isa = PBXGroup;
			children = (
				5BFFE9632125B7CF0028B853 /* StopWatchUITests.swift */,
				5BFFE9652125B7CF0028B853 /* Info.plist */,
			);
			path = StopWatchUITests;
			sourceTree = "<group>";
		};
/* End PBXGroup section */

/* Begin PBXNativeTarget section */
		5BFFE93F2125B7CF0028B853 /* StopWatch */ = {
			isa = PBXNativeTarget;
			buildConfigurationList = 5BFFE9682125B7CF0028B853 /* Build configuration list for PBXNativeTarget "StopWatch" */;
			buildPhases = (
				5BFFE93C2125B7CF0028B853 /* Sources */,
				5BFFE93D2125B7CF0028B853 /* Frameworks */,
				5BFFE93E2125B7CF0028B853 /* Resources */,
			);
			buildRules = (
			);
			dependencies = (
			);
			name = StopWatch;
			productName = StopWatch;
			productReference = 5BFFE9402125B7CF0028B853 /* StopWatch.app */;
			productType = "com.apple.product-type.application";
		};
		5BFFE9532125B7CF0028B853 /* StopWatchTests */ = {
			isa = PBXNativeTarget;
			buildConfigurationList = 5BFFE96B2125B7CF0028B853 /* Build configuration list for PBXNativeTarget "StopWatchTests" */;
			buildPhases = (
				5BFFE9502125B7CF0028B853 /* Sources */,
				5BFFE9512125B7CF0028B853 /* Frameworks */,
				5BFFE9522125B7CF0028B853 /* Resources */,
			);
			buildRules = (
			);
			dependencies = (
				5BFFE9562125B7CF0028B853 /* PBXTargetDependency */,
			);
			name = StopWatchTests;
			productName = StopWatchTests;
			productReference = 5BFFE9542125B7CF0028B853 /* StopWatchTests.xctest */;
			productType = "com.apple.product-type.bundle.unit-test";
		};
		5BFFE95E2125B7CF0028B853 /* StopWatchUITests */ = {
			isa = PBXNativeTarget;
			buildConfigurationList = 5BFFE96E2125B7CF0028B853 /* Build configuration list for PBXNativeTarget "StopWatchUITests" */;
			buildPhases = (
				5BFFE95B2125B7CF0028B853 /* Sources */,
				5BFFE95C2125B7CF0028B853 /* Frameworks */,
				5BFFE95D2125B7CF0028B853 /* Resources */,
			);
			buildRules = (
			);
			dependencies = (
				5BFFE9612125B7CF0028B853 /* PBXTargetDependency */,
			);
			name = StopWatchUITests;
			productName = StopWatchUITests;
			productReference = 5BFFE95F2125B7CF0028B853 /* StopWatchUITests.xctest */;
			productType = "com.apple.product-type.bundle.ui-testing";
		};
/* End PBXNativeTarget section */

/* Begin PBXProject section */
		5BFFE9382125B7CF0028B853 /* Project object */ = {
			isa = PBXProject;
			attributes = {
				LastSwiftUpdateCheck = 0910;
				LastUpgradeCheck = 0910;
				ORGANIZATIONNAME = "王伟欣";
				TargetAttributes = {
					5BFFE93F2125B7CF0028B853 = {
						CreatedOnToolsVersion = 9.1;
						ProvisioningStyle = Automatic;
					};
					5BFFE9532125B7CF0028B853 = {
						CreatedOnToolsVersion = 9.1;
						ProvisioningStyle = Automatic;
						TestTargetID = 5BFFE93F2125B7CF0028B853;
					};
					5BFFE95E2125B7CF0028B853 = {
						CreatedOnToolsVersion = 9.1;
						ProvisioningStyle = Automatic;
						TestTargetID = 5BFFE93F2125B7CF0028B853;
					};
				};
			};
			buildConfigurationList = 5BFFE93B2125B7CF0028B853 /* Build configuration list for PBXProject "StopWatch" */;
			compatibilityVersion = "Xcode 8.0";
			developmentRegion = en;
			hasScannedForEncodings = 0;
			knownRegions = (
				en,
				Base,
			);
			mainGroup = 5BFFE9372125B7CF0028B853;
			productRefGroup = 5BFFE9412125B7CF0028B853 /* Products */;
			projectDirPath = "";
			projectRoot = "";
			targets = (
				5BFFE93F2125B7CF0028B853 /* StopWatch */,
				5BFFE9532125B7CF0028B853 /* StopWatchTests */,
				5BFFE95E2125B7CF0028B853 /* StopWatchUITests */,
			);
		};
/* End PBXProject section */

/* Begin PBXResourcesBuildPhase section */
		5BFFE93E2125B7CF0028B853 /* Resources */ = {
			isa = PBXResourcesBuildPhase;
			buildActionMask = 2147483647;
			files = (
				5BFFE94E2125B7CF0028B853 /* LaunchScreen.storyboard in Resources */,
				5BFFE94B2125B7CF0028B853 /* Assets.xcassets in Resources */,
				5BFFE9492125B7CF0028B853 /* Main.storyboard in Resources */,
			);
			runOnlyForDeploymentPostprocessing = 0;
		};
		5BFFE9522125B7CF0028B853 /* Resources */ = {
			isa = PBXResourcesBuildPhase;
			buildActionMask = 2147483647;
			files = (
			);
			runOnlyForDeploymentPostprocessing = 0;
		};
		5BFFE95D2125B7CF0028B853 /* Resources */ = {
			isa = PBXResourcesBuildPhase;
			buildActionMask = 2147483647;
			files = (
			);
			runOnlyForDeploymentPostprocessing = 0;
		};
/* End PBXResourcesBuildPhase section */

/* Begin PBXSourcesBuildPhase section */
		5BFFE93C2125B7CF0028B853 /* Sources */ = {
			isa = PBXSourcesBuildPhase;
			buildActionMask = 2147483647;
			files = (
				5BFFE9462125B7CF0028B853 /* ViewController.swift in Sources */,
				5BFFE9442125B7CF0028B853 /* AppDelegate.swift in Sources */,
			);
			runOnlyForDeploymentPostprocessing = 0;
		};
		5BFFE9502125B7CF0028B853 /* Sources */ = {
			isa = PBXSourcesBuildPhase;
			buildActionMask = 2147483647;
			files = (
				5BFFE9592125B7CF0028B853 /* StopWatchTests.swift in Sources */,
			);
			runOnlyForDeploymentPostprocessing = 0;
		};
		5BFFE95B2125B7CF0028B853 /* Sources */ = {
			isa = PBXSourcesBuildPhase;
			buildActionMask = 2147483647;
			files = (
				5BFFE9642125B7CF0028B853 /* StopWatchUITests.swift in Sources */,
			);
			runOnlyForDeploymentPostprocessing = 0;
		};
/* End PBXSourcesBuildPhase section */

/* Begin PBXTargetDependency section */
		5BFFE9562125B7CF0028B853 /* PBXTargetDependency */ = {
			isa = PBXTargetDependency;
			target = 5BFFE93F2125B7CF0028B853 /* StopWatch */;
			targetProxy = 5BFFE9552125B7CF0028B853 /* PBXContainerItemProxy */;
		};
		5BFFE9612125B7CF0028B853 /* PBXTargetDependency */ = {
			isa = PBXTargetDependency;
			target = 5BFFE93F2125B7CF0028B853 /* StopWatch */;
			targetProxy = 5BFFE9602125B7CF0028B853 /* PBXContainerItemProxy */;
		};
/* End PBXTargetDependency section */

/* Begin PBXVariantGroup section */
		5BFFE9472125B7CF0028B853 /* Main.storyboard */ = {
			isa = PBXVariantGroup;
			children = (
				5BFFE9482125B7CF0028B853 /* Base */,
			);
			name = Main.storyboard;
			sourceTree = "<group>";
		};
		5BFFE94C2125B7CF0028B853 /* LaunchScreen.storyboard */ = {
			isa = PBXVariantGroup;
			children = (
				5BFFE94D2125B7CF0028B853 /* Base */,
			);
			name = LaunchScreen.storyboard;
			sourceTree = "<group>";
		};
/* End PBXVariantGroup section */

/* Begin XCBuildConfiguration section */
		5BFFE9662125B7CF0028B853 /* Debug */ = {
			isa = XCBuildConfiguration;
			buildSettings = {
				ALWAYS_SEARCH_USER_PATHS = NO;
				CLANG_ANALYZER_NONNULL = YES;
				CLANG_ANALYZER_NUMBER_OBJECT_CONVERSION = YES_AGGRESSIVE;
				CLANG_CXX_LANGUAGE_STANDARD = "gnu++14";
				CLANG_CXX_LIBRARY = "libc++";
				CLANG_ENABLE_MODULES = YES;
				CLANG_ENABLE_OBJC_ARC = YES;
				CLANG_WARN_BLOCK_CAPTURE_AUTORELEASING = YES;
				CLANG_WARN_BOOL_CONVERSION = YES;
				CLANG_WARN_COMMA = YES;
				CLANG_WARN_CONSTANT_CONVERSION = YES;
				CLANG_WARN_DIRECT_OBJC_ISA_USAGE = YES_ERROR;
				CLANG_WARN_DOCUMENTATION_COMMENTS = YES;
				CLANG_WARN_EMPTY_BODY = YES;
				CLANG_WARN_ENUM_CONVERSION = YES;
				CLANG_WARN_INFINITE_RECURSION = YES;
				CLANG_WARN_INT_CONVERSION = YES;
				CLANG_WARN_NON_LITERAL_NULL_CONVERSION = YES;
				CLANG_WARN_OBJC_LITERAL_CONVERSION = YES;
				CLANG_WARN_OBJC_ROOT_CLASS = YES_ERROR;
				CLANG_WARN_RANGE_LOOP_ANALYSIS = YES;
				CLANG_WARN_STRICT_PROTOTYPES = YES;
				CLANG_WARN_SUSPICIOUS_MOVE = YES;
				CLANG_WARN_UNGUARDED_AVAILABILITY = YES_AGGRESSIVE;
				CLANG_WARN_UNREACHABLE_CODE = YES;
				CLANG_WARN__DUPLICATE_METHOD_MATCH = YES;
				CODE_SIGN_IDENTITY = "iPhone Developer";
				COPY_PHASE_STRIP = NO;
				DEBUG_INFORMATION_FORMAT = dwarf;
				ENABLE_STRICT_OBJC_MSGSEND = YES;
				ENABLE_TESTABILITY = YES;
				GCC_C_LANGUAGE_STANDARD = gnu11;
				GCC_DYNAMIC_NO_PIC = NO;
				GCC_NO_COMMON_BLOCKS = YES;
				GCC_OPTIMIZATION_LEVEL = 0;
				GCC_PREPROCESSOR_DEFINITIONS = (
					"DEBUG=1",
					"$(inherited)",
				);
				GCC_WARN_64_TO_32_BIT_CONVERSION = YES;
				GCC_WARN_ABOUT_RETURN_TYPE = YES_ERROR;
				GCC_WARN_UNDECLARED_SELECTOR = YES;
				GCC_WARN_UNINITIALIZED_AUTOS = YES_AGGRESSIVE;
				GCC_WARN_UNUSED_FUNCTION = YES;
				GCC_WARN_UNUSED_VARIABLE = YES;
				IPHONEOS_DEPLOYMENT_TARGET = 11.1;
				MTL_ENABLE_DEBUG_INFO = YES;
				ONLY_ACTIVE_ARCH = YES;
				SDKROOT = iphoneos;
				SWIFT_ACTIVE_COMPILATION_CONDITIONS = DEBUG;
				SWIFT_OPTIMIZATION_LEVEL = "-Onone";
			};
			name = Debug;
		};
		5BFFE9672125B7CF0028B853 /* Release */ = {
			isa = XCBuildConfiguration;
			buildSettings = {
				ALWAYS_SEARCH_USER_PATHS = NO;
				CLANG_ANALYZER_NONNULL = YES;
				CLANG_ANALYZER_NUMBER_OBJECT_CONVERSION = YES_AGGRESSIVE;
				CLANG_CXX_LANGUAGE_STANDARD = "gnu++14";
				CLANG_CXX_LIBRARY = "libc++";
				CLANG_ENABLE_MODULES = YES;
				CLANG_ENABLE_OBJC_ARC = YES;
				CLANG_WARN_BLOCK_CAPTURE_AUTORELEASING = YES;
				CLANG_WARN_BOOL_CONVERSION = YES;
				CLANG_WARN_COMMA = YES;
				CLANG_WARN_CONSTANT_CONVERSION = YES;
				CLANG_WARN_DIRECT_OBJC_ISA_USAGE = YES_ERROR;
				CLANG_WARN_DOCUMENTATION_COMMENTS = YES;
				CLANG_WARN_EMPTY_BODY = YES;
				CLANG_WARN_ENUM_CONVERSION = YES;
				CLANG_WARN_INFINITE_RECURSION = YES;
				CLANG_WARN_INT_CONVERSION = YES;
				CLANG_WARN_NON_LITERAL_NULL_CONVERSION = YES;
				CLANG_WARN_OBJC_LITERAL_CONVERSION = YES;
				CLANG_WARN_OBJC_ROOT_CLASS = YES_ERROR;
				CLANG_WARN_RANGE_LOOP_ANALYSIS = YES;
				CLANG_WARN_STRICT_PROTOTYPES = YES;
				CLANG_WARN_SUSPICIOUS_MOVE = YES;
				CLANG_WARN_UNGUARDED_AVAILABILITY = YES_AGGRESSIVE;
				CLANG_WARN_UNREACHABLE_CODE = YES;
				CLANG_WARN__DUPLICATE_METHOD_MATCH = YES;
				CODE_SIGN_IDENTITY = "iPhone Developer";
				COPY_PHASE_STRIP = NO;
				DEBUG_INFORMATION_FORMAT = "dwarf-with-dsym";
				ENABLE_NS_ASSERTIONS = NO;
				ENABLE_STRICT_OBJC_MSGSEND = YES;
				GCC_C_LANGUAGE_STANDARD = gnu11;
				GCC_NO_COMMON_BLOCKS = YES;
				GCC_WARN_64_TO_32_BIT_CONVERSION = YES;
				GCC_WARN_ABOUT_RETURN_TYPE = YES_ERROR;
				GCC_WARN_UNDECLARED_SELECTOR = YES;
				GCC_WARN_UNINITIALIZED_AUTOS = YES_AGGRESSIVE;
				GCC_WARN_UNUSED_FUNCTION = YES;
				GCC_WARN_UNUSED_VARIABLE = YES;
				IPHONEOS_DEPLOYMENT_TARGET = 11.1;
				MTL_ENABLE_DEBUG_INFO = NO;
				SDKROOT = iphoneos;
				SWIFT_OPTIMIZATION_LEVEL = "-Owholemodule";
				VALIDATE_PRODUCT = YES;
			};
			name = Release;
		};
		5BFFE9692125B7CF0028B853 /* Debug */ = {
			isa = XCBuildConfiguration;
			buildSettings = {
				ASSETCATALOG_COMPILER_APPICON_NAME = AppIcon;
				CODE_SIGN_STYLE = Automatic;
				INFOPLIST_FILE = StopWatch/Info.plist;
				LD_RUNPATH_SEARCH_PATHS = "$(inherited) @executable_path/Frameworks";
				PRODUCT_BUNDLE_IDENTIFIER = com.wja.StopWatch;
				PRODUCT_NAME = "$(TARGET_NAME)";
				SWIFT_VERSION = 4.0;
				TARGETED_DEVICE_FAMILY = "1,2";
			};
			name = Debug;
		};
		5BFFE96A2125B7CF0028B853 /* Release */ = {
			isa = XCBuildConfiguration;
			buildSettings = {
				ASSETCATALOG_COMPILER_APPICON_NAME = AppIcon;
				CODE_SIGN_STYLE = Automatic;
				INFOPLIST_FILE = StopWatch/Info.plist;
				LD_RUNPATH_SEARCH_PATHS = "$(inherited) @executable_path/Frameworks";
				PRODUCT_BUNDLE_IDENTIFIER = com.wja.StopWatch;
				PRODUCT_NAME = "$(TARGET_NAME)";
				SWIFT_VERSION = 4.0;
				TARGETED_DEVICE_FAMILY = "1,2";
			};
			name = Release;
		};
		5BFFE96C2125B7CF0028B853 /* Debug */ = {
			isa = XCBuildConfiguration;
			buildSettings = {
				ALWAYS_EMBED_SWIFT_STANDARD_LIBRARIES = YES;
				BUNDLE_LOADER = "$(TEST_HOST)";
				CODE_SIGN_STYLE = Automatic;
				INFOPLIST_FILE = StopWatchTests/Info.plist;
				LD_RUNPATH_SEARCH_PATHS = "$(inherited) @executable_path/Frameworks @loader_path/Frameworks";
				PRODUCT_BUNDLE_IDENTIFIER = com.wja.StopWatchTests;
				PRODUCT_NAME = "$(TARGET_NAME)";
				SWIFT_VERSION = 4.0;
				TARGETED_DEVICE_FAMILY = "1,2";
				TEST_HOST = "$(BUILT_PRODUCTS_DIR)/StopWatch.app/StopWatch";
			};
			name = Debug;
		};
		5BFFE96D2125B7CF0028B853 /* Release */ = {
			isa = XCBuildConfiguration;
			buildSettings = {
				ALWAYS_EMBED_SWIFT_STANDARD_LIBRARIES = YES;
				BUNDLE_LOADER = "$(TEST_HOST)";
				CODE_SIGN_STYLE = Automatic;
				INFOPLIST_FILE = StopWatchTests/Info.plist;
				LD_RUNPATH_SEARCH_PATHS = "$(inherited) @executable_path/Frameworks @loader_path/Frameworks";
				PRODUCT_BUNDLE_IDENTIFIER = com.wja.StopWatchTests;
				PRODUCT_NAME = "$(TARGET_NAME)";
				SWIFT_VERSION = 4.0;
				TARGETED_DEVICE_FAMILY = "1,2";
				TEST_HOST = "$(BUILT_PRODUCTS_DIR)/StopWatch.app/StopWatch";
			};
			name = Release;
		};
		5BFFE96F2125B7CF0028B853 /* Debug */ = {
			isa = XCBuildConfiguration;
			buildSettings = {
				ALWAYS_EMBED_SWIFT_STANDARD_LIBRARIES = YES;
				CODE_SIGN_STYLE = Automatic;
				INFOPLIST_FILE = StopWatchUITests/Info.plist;
				LD_RUNPATH_SEARCH_PATHS = "$(inherited) @executable_path/Frameworks @loader_path/Frameworks";
				PRODUCT_BUNDLE_IDENTIFIER = com.wja.StopWatchUITests;
				PRODUCT_NAME = "$(TARGET_NAME)";
				SWIFT_VERSION = 4.0;
				TARGETED_DEVICE_FAMILY = "1,2";
				TEST_TARGET_NAME = StopWatch;
			};
			name = Debug;
		};
		5BFFE9702125B7CF0028B853 /* Release */ = {
			isa = XCBuildConfiguration;
			buildSettings = {
				ALWAYS_EMBED_SWIFT_STANDARD_LIBRARIES = YES;
				CODE_SIGN_STYLE = Automatic;
				INFOPLIST_FILE = StopWatchUITests/Info.plist;
				LD_RUNPATH_SEARCH_PATHS = "$(inherited) @executable_path/Frameworks @loader_path/Frameworks";
				PRODUCT_BUNDLE_IDENTIFIER = com.wja.StopWatchUITests;
				PRODUCT_NAME = "$(TARGET_NAME)";
				SWIFT_VERSION = 4.0;
				TARGETED_DEVICE_FAMILY = "1,2";
				TEST_TARGET_NAME = StopWatch;
			};
			name = Release;
		};
/* End XCBuildConfiguration section */

/* Begin XCConfigurationList section */
		5BFFE93B2125B7CF0028B853 /* Build configuration list for PBXProject "StopWatch" */ = {
			isa = XCConfigurationList;
			buildConfigurations = (
				5BFFE9662125B7CF0028B853 /* Debug */,
				5BFFE9672125B7CF0028B853 /* Release */,
			);
			defaultConfigurationIsVisible = 0;
			defaultConfigurationName = Release;
		};
		5BFFE9682125B7CF0028B853 /* Build configuration list for PBXNativeTarget "StopWatch" */ = {
			isa = XCConfigurationList;
			buildConfigurations = (
				5BFFE9692125B7CF0028B853 /* Debug */,
				5BFFE96A2125B7CF0028B853 /* Release */,
			);
			defaultConfigurationIsVisible = 0;
			defaultConfigurationName = Release;
		};
		5BFFE96B2125B7CF0028B853 /* Build configuration list for PBXNativeTarget "StopWatchTests" */ = {
			isa = XCConfigurationList;
			buildConfigurations = (
				5BFFE96C2125B7CF0028B853 /* Debug */,
				5BFFE96D2125B7CF0028B853 /* Release */,
			);
			defaultConfigurationIsVisible = 0;
			defaultConfigurationName = Release;
		};
		5BFFE96E2125B7CF0028B853 /* Build configuration list for PBXNativeTarget "StopWatchUITests" */ = {
			isa = XCConfigurationList;
			buildConfigurations = (
				5BFFE96F2125B7CF0028B853 /* Debug */,
				5BFFE9702125B7CF0028B853 /* Release */,
			);
			defaultConfigurationIsVisible = 0;
			defaultConfigurationName = Release;
		};
/* End XCConfigurationList section */
	};
	rootObject = 5BFFE9382125B7CF0028B853 /* Project object */;
}
